// !$*UTF8*$!
{
	archiveVersion = 1;
	classes = {
	};
	objectVersion = 46;
	objects = {

/* Begin PBXBuildFile section */
		368FECDB1B1F640300E5316E /* main.m in Sources */ = {isa = PBXBuildFile; fileRef = 368FECDA1B1F640300E5316E /* main.m */; };
		368FECDE1B1F640300E5316E /* AppDelegate.m in Sources */ = {isa = PBXBuildFile; fileRef = 368FECDD1B1F640300E5316E /* AppDelegate.m */; };
		368FECE11B1F640300E5316E /* ViewController.m in Sources */ = {isa = PBXBuildFile; fileRef = 368FECE01B1F640300E5316E /* ViewController.m */; };
		368FECE41B1F640300E5316E /* Main.storyboard in Resources */ = {isa = PBXBuildFile; fileRef = 368FECE21B1F640300E5316E /* Main.storyboard */; };
		368FECE61B1F640300E5316E /* Images.xcassets in Resources */ = {isa = PBXBuildFile; fileRef = 368FECE51B1F640300E5316E /* Images.xcassets */; };
		368FECE91B1F640300E5316E /* LaunchScreen.xib in Resources */ = {isa = PBXBuildFile; fileRef = 368FECE71B1F640300E5316E /* LaunchScreen.xib */; };
		368FECF51B1F640300E5316E /* SeeYourCardTests.m in Sources */ = {isa = PBXBuildFile; fileRef = 368FECF41B1F640300E5316E /* SeeYourCardTests.m */; };
		368FED001B1F648800E5316E /* scanpay in Resources */ = {isa = PBXBuildFile; fileRef = 368FECFF1B1F648800E5316E /* scanpay */; };
		368FED021B1F64B300E5316E /* libc++.dylib in Frameworks */ = {isa = PBXBuildFile; fileRef = 368FED011B1F64B300E5316E /* libc++.dylib */; };
		368FED061B1F64C600E5316E /* libsqlite3.0.dylib in Frameworks */ = {isa = PBXBuildFile; fileRef = 368FED051B1F64C600E5316E /* libsqlite3.0.dylib */; };
		368FED081B1F64CC00E5316E /* CoreVideo.framework in Frameworks */ = {isa = PBXBuildFile; fileRef = 368FED071B1F64CC00E5316E /* CoreVideo.framework */; };
		368FED0A1B1F64D000E5316E /* CoreMedia.framework in Frameworks */ = {isa = PBXBuildFile; fileRef = 368FED091B1F64D000E5316E /* CoreMedia.framework */; };
		368FED0C1B1F64D500E5316E /* AVFoundation.framework in Frameworks */ = {isa = PBXBuildFile; fileRef = 368FED0B1B1F64D500E5316E /* AVFoundation.framework */; };
		368FED0E1B1F64DE00E5316E /* AudioToolbox.framework in Frameworks */ = {isa = PBXBuildFile; fileRef = 368FED0D1B1F64DE00E5316E /* AudioToolbox.framework */; };
		368FED101B1F64E200E5316E /* QuartzCore.framework in Frameworks */ = {isa = PBXBuildFile; fileRef = 368FED0F1B1F64E200E5316E /* QuartzCore.framework */; };
		368FED121B1F64E900E5316E /* AssetsLibrary.framework in Frameworks */ = {isa = PBXBuildFile; fileRef = 368FED111B1F64E900E5316E /* AssetsLibrary.framework */; };
		368FED141B1F64EE00E5316E /* Security.framework in Frameworks */ = {isa = PBXBuildFile; fileRef = 368FED131B1F64EE00E5316E /* Security.framework */; };
		368FED161B1F64F100E5316E /* iAd.framework in Frameworks */ = {isa = PBXBuildFile; fileRef = 368FED151B1F64F100E5316E /* iAd.framework */; };
		368FED1D1B1F657E00E5316E /* SYMainViewController.m in Sources */ = {isa = PBXBuildFile; fileRef = 368FED1C1B1F657E00E5316E /* SYMainViewController.m */; };
		368FED211B1F659900E5316E /* SYUtils.m in Sources */ = {isa = PBXBuildFile; fileRef = 368FED201B1F659900E5316E /* SYUtils.m */; };
		368FED241B1F65AE00E5316E /* SYScan.m in Sources */ = {isa = PBXBuildFile; fileRef = 368FED231B1F65AE00E5316E /* SYScan.m */; };
/* End PBXBuildFile section */

/* Begin PBXContainerItemProxy section */
		368FECEF1B1F640300E5316E /* PBXContainerItemProxy */ = {
			isa = PBXContainerItemProxy;
			containerPortal = 368FECCD1B1F640300E5316E /* Project object */;
			proxyType = 1;
			remoteGlobalIDString = 368FECD41B1F640300E5316E;
			remoteInfo = SeeYourCard;
		};
/* End PBXContainerItemProxy section */

/* Begin PBXFileReference section */
		368FECD51B1F640300E5316E /* SeeYourCard.app */ = {isa = PBXFileReference; explicitFileType = wrapper.application; includeInIndex = 0; path = SeeYourCard.app; sourceTree = BUILT_PRODUCTS_DIR; };
		368FECD91B1F640300E5316E /* Info.plist */ = {isa = PBXFileReference; lastKnownFileType = text.plist.xml; path = Info.plist; sourceTree = "<group>"; };
		368FECDA1B1F640300E5316E /* main.m */ = {isa = PBXFileReference; lastKnownFileType = sourcecode.c.objc; path = main.m; sourceTree = "<group>"; };
		368FECDC1B1F640300E5316E /* AppDelegate.h */ = {isa = PBXFileReference; lastKnownFileType = sourcecode.c.h; path = AppDelegate.h; sourceTree = "<group>"; };
		368FECDD1B1F640300E5316E /* AppDelegate.m */ = {isa = PBXFileReference; lastKnownFileType = sourcecode.c.objc; path = AppDelegate.m; sourceTree = "<group>"; };
		368FECDF1B1F640300E5316E /* ViewController.h */ = {isa = PBXFileReference; lastKnownFileType = sourcecode.c.h; path = ViewController.h; sourceTree = "<group>"; };
		368FECE01B1F640300E5316E /* ViewController.m */ = {isa = PBXFileReference; lastKnownFileType = sourcecode.c.objc; path = ViewController.m; sourceTree = "<group>"; };
		368FECE31B1F640300E5316E /* Base */ = {isa = PBXFileReference; lastKnownFileType = file.storyboard; name = Base; path = Base.lproj/Main.storyboard; sourceTree = "<group>"; };
		368FECE51B1F640300E5316E /* Images.xcassets */ = {isa = PBXFileReference; lastKnownFileType = folder.assetcatalog; path = Images.xcassets; sourceTree = "<group>"; };
		368FECE81B1F640300E5316E /* Base */ = {isa = PBXFileReference; lastKnownFileType = file.xib; name = Base; path = Base.lproj/LaunchScreen.xib; sourceTree = "<group>"; };
		368FECEE1B1F640300E5316E /* SeeYourCardTests.xctest */ = {isa = PBXFileReference; explicitFileType = wrapper.cfbundle; includeInIndex = 0; path = SeeYourCardTests.xctest; sourceTree = BUILT_PRODUCTS_DIR; };
		368FECF31B1F640300E5316E /* Info.plist */ = {isa = PBXFileReference; lastKnownFileType = text.plist.xml; path = Info.plist; sourceTree = "<group>"; };
		368FECF41B1F640300E5316E /* SeeYourCardTests.m */ = {isa = PBXFileReference; lastKnownFileType = sourcecode.c.objc; path = SeeYourCardTests.m; sourceTree = "<group>"; };
		368FECFF1B1F648800E5316E /* scanpay */ = {isa = PBXFileReference; lastKnownFileType = folder; path = scanpay; sourceTree = "<group>"; };
		368FED011B1F64B300E5316E /* libc++.dylib */ = {isa = PBXFileReference; lastKnownFileType = "compiled.mach-o.dylib"; name = "libc++.dylib"; path = "usr/lib/libc++.dylib"; sourceTree = SDKROOT; };
		368FED031B1F64BA00E5316E /* libsqlite3.dylib */ = {isa = PBXFileReference; lastKnownFileType = "compiled.mach-o.dylib"; name = libsqlite3.dylib; path = usr/lib/libsqlite3.dylib; sourceTree = SDKROOT; };
		368FED051B1F64C600E5316E /* libsqlite3.0.dylib */ = {isa = PBXFileReference; lastKnownFileType = "compiled.mach-o.dylib"; name = libsqlite3.0.dylib; path = usr/lib/libsqlite3.0.dylib; sourceTree = SDKROOT; };
		368FED071B1F64CC00E5316E /* CoreVideo.framework */ = {isa = PBXFileReference; lastKnownFileType = wrapper.framework; name = CoreVideo.framework; path = System/Library/Frameworks/CoreVideo.framework; sourceTree = SDKROOT; };
		368FED091B1F64D000E5316E /* CoreMedia.framework */ = {isa = PBXFileReference; lastKnownFileType = wrapper.framework; name = CoreMedia.framework; path = System/Library/Frameworks/CoreMedia.framework; sourceTree = SDKROOT; };
		368FED0B1B1F64D500E5316E /* AVFoundation.framework */ = {isa = PBXFileReference; lastKnownFileType = wrapper.framework; name = AVFoundation.framework; path = System/Library/Frameworks/AVFoundation.framework; sourceTree = SDKROOT; };
		368FED0D1B1F64DE00E5316E /* AudioToolbox.framework */ = {isa = PBXFileReference; lastKnownFileType = wrapper.framework; name = AudioToolbox.framework; path = System/Library/Frameworks/AudioToolbox.framework; sourceTree = SDKROOT; };
		368FED0F1B1F64E200E5316E /* QuartzCore.framework */ = {isa = PBXFileReference; lastKnownFileType = wrapper.framework; name = QuartzCore.framework; path = System/Library/Frameworks/QuartzCore.framework; sourceTree = SDKROOT; };
		368FED111B1F64E900E5316E /* AssetsLibrary.framework */ = {isa = PBXFileReference; lastKnownFileType = wrapper.framework; name = AssetsLibrary.framework; path = System/Library/Frameworks/AssetsLibrary.framework; sourceTree = SDKROOT; };
		368FED131B1F64EE00E5316E /* Security.framework */ = {isa = PBXFileReference; lastKnownFileType = wrapper.framework; name = Security.framework; path = System/Library/Frameworks/Security.framework; sourceTree = SDKROOT; };
		368FED151B1F64F100E5316E /* iAd.framework */ = {isa = PBXFileReference; lastKnownFileType = wrapper.framework; name = iAd.framework; path = System/Library/Frameworks/iAd.framework; sourceTree = SDKROOT; };
		368FED1B1B1F657E00E5316E /* SYMainViewController.h */ = {isa = PBXFileReference; fileEncoding = 4; lastKnownFileType = sourcecode.c.h; name = SYMainViewController.h; path = ViewAndControllers/SYMainViewController.h; sourceTree = "<group>"; };
		368FED1C1B1F657E00E5316E /* SYMainViewController.m */ = {isa = PBXFileReference; fileEncoding = 4; lastKnownFileType = sourcecode.c.objc; name = SYMainViewController.m; path = ViewAndControllers/SYMainViewController.m; sourceTree = "<group>"; };
		368FED1F1B1F659900E5316E /* SYUtils.h */ = {isa = PBXFileReference; fileEncoding = 4; lastKnownFileType = sourcecode.c.h; name = SYUtils.h; path = Utils/SYUtils.h; sourceTree = "<group>"; };
		368FED201B1F659900E5316E /* SYUtils.m */ = {isa = PBXFileReference; fileEncoding = 4; lastKnownFileType = sourcecode.c.objc; name = SYUtils.m; path = Utils/SYUtils.m; sourceTree = "<group>"; };
		368FED221B1F65AE00E5316E /* SYScan.h */ = {isa = PBXFileReference; fileEncoding = 4; lastKnownFileType = sourcecode.c.h; name = SYScan.h; path = Models/SYScan.h; sourceTree = "<group>"; };
		368FED231B1F65AE00E5316E /* SYScan.m */ = {isa = PBXFileReference; fileEncoding = 4; lastKnownFileType = sourcecode.c.objc; name = SYScan.m; path = Models/SYScan.m; sourceTree = "<group>"; };
/* End PBXFileReference section */

/* Begin PBXFrameworksBuildPhase section */
		368FECD21B1F640300E5316E /* Frameworks */ = {
			isa = PBXFrameworksBuildPhase;
			buildActionMask = 2147483647;
			files = (
				368FED161B1F64F100E5316E /* iAd.framework in Frameworks */,
				368FED141B1F64EE00E5316E /* Security.framework in Frameworks */,
				368FED121B1F64E900E5316E /* AssetsLibrary.framework in Frameworks */,
				368FED101B1F64E200E5316E /* QuartzCore.framework in Frameworks */,
				368FED0E1B1F64DE00E5316E /* AudioToolbox.framework in Frameworks */,
				368FED0C1B1F64D500E5316E /* AVFoundation.framework in Frameworks */,
				368FED0A1B1F64D000E5316E /* CoreMedia.framework in Frameworks */,
				368FED081B1F64CC00E5316E /* CoreVideo.framework in Frameworks */,
				368FED061B1F64C600E5316E /* libsqlite3.0.dylib in Frameworks */,
				368FED021B1F64B300E5316E /* libc++.dylib in Frameworks */,
			);
			runOnlyForDeploymentPostprocessing = 0;
		};
		368FECEB1B1F640300E5316E /* Frameworks */ = {
			isa = PBXFrameworksBuildPhase;
			buildActionMask = 2147483647;
			files = (
			);
			runOnlyForDeploymentPostprocessing = 0;
		};
/* End PBXFrameworksBuildPhase section */

/* Begin PBXGroup section */
		368FECCC1B1F640300E5316E = {
			isa = PBXGroup;
			children = (
				368FED171B1F653000E5316E /* Libraries */,
				368FECD71B1F640300E5316E /* SeeYourCard */,
				368FECF11B1F640300E5316E /* SeeYourCardTests */,
				368FECD61B1F640300E5316E /* Products */,
			);
			sourceTree = "<group>";
		};
		368FECD61B1F640300E5316E /* Products */ = {
			isa = PBXGroup;
			children = (
				368FECD51B1F640300E5316E /* SeeYourCard.app */,
				368FECEE1B1F640300E5316E /* SeeYourCardTests.xctest */,
			);
			name = Products;
			sourceTree = "<group>";
		};
		368FECD71B1F640300E5316E /* SeeYourCard */ = {
			isa = PBXGroup;
			children = (
				368FED1E1B1F658400E5316E /* Utils */,
				368FED1A1B1F654F00E5316E /* Models */,
				368FED191B1F654600E5316E /* Components */,
				368FED181B1F653A00E5316E /* ViewAndControllers */,
				368FECFE1B1F647C00E5316E /* Libraries */,
				368FECDC1B1F640300E5316E /* AppDelegate.h */,
				368FECDD1B1F640300E5316E /* AppDelegate.m */,
				368FECDF1B1F640300E5316E /* ViewController.h */,
				368FECE01B1F640300E5316E /* ViewController.m */,
				368FECE21B1F640300E5316E /* Main.storyboard */,
				368FECE51B1F640300E5316E /* Images.xcassets */,
				368FECE71B1F640300E5316E /* LaunchScreen.xib */,
				368FECD81B1F640300E5316E /* Supporting Files */,
			);
			path = SeeYourCard;
			sourceTree = "<group>";
		};
		368FECD81B1F640300E5316E /* Supporting Files */ = {
			isa = PBXGroup;
			children = (
				368FECD91B1F640300E5316E /* Info.plist */,
				368FECDA1B1F640300E5316E /* main.m */,
			);
			name = "Supporting Files";
			sourceTree = "<group>";
		};
		368FECF11B1F640300E5316E /* SeeYourCardTests */ = {
			isa = PBXGroup;
			children = (
				368FECF41B1F640300E5316E /* SeeYourCardTests.m */,
				368FECF21B1F640300E5316E /* Supporting Files */,
			);
			path = SeeYourCardTests;
			sourceTree = "<group>";
		};
		368FECF21B1F640300E5316E /* Supporting Files */ = {
			isa = PBXGroup;
			children = (
				368FECF31B1F640300E5316E /* Info.plist */,
			);
			name = "Supporting Files";
			sourceTree = "<group>";
		};
		368FECFE1B1F647C00E5316E /* Libraries */ = {
			isa = PBXGroup;
			children = (
				368FECFF1B1F648800E5316E /* scanpay */,
			);
			name = Libraries;
			sourceTree = "<group>";
		};
		368FED171B1F653000E5316E /* Libraries */ = {
			isa = PBXGroup;
			children = (
				368FED151B1F64F100E5316E /* iAd.framework */,
				368FED131B1F64EE00E5316E /* Security.framework */,
				368FED111B1F64E900E5316E /* AssetsLibrary.framework */,
				368FED0F1B1F64E200E5316E /* QuartzCore.framework */,
				368FED0D1B1F64DE00E5316E /* AudioToolbox.framework */,
				368FED0B1B1F64D500E5316E /* AVFoundation.framework */,
				368FED091B1F64D000E5316E /* CoreMedia.framework */,
				368FED071B1F64CC00E5316E /* CoreVideo.framework */,
				368FED051B1F64C600E5316E /* libsqlite3.0.dylib */,
				368FED031B1F64BA00E5316E /* libsqlite3.dylib */,
				368FED011B1F64B300E5316E /* libc++.dylib */,
			);
			name = Libraries;
			sourceTree = "<group>";
		};
		368FED181B1F653A00E5316E /* ViewAndControllers */ = {
			isa = PBXGroup;
			children = (
				368FED1B1B1F657E00E5316E /* SYMainViewController.h */,
				368FED1C1B1F657E00E5316E /* SYMainViewController.m */,
			);
			name = ViewAndControllers;
			sourceTree = "<group>";
		};
		368FED191B1F654600E5316E /* Components */ = {
			isa = PBXGroup;
			children = (
			);
			name = Components;
			sourceTree = "<group>";
		};
		368FED1A1B1F654F00E5316E /* Models */ = {
			isa = PBXGroup;
			children = (
				368FED221B1F65AE00E5316E /* SYScan.h */,
				368FED231B1F65AE00E5316E /* SYScan.m */,
			);
			name = Models;
			sourceTree = "<group>";
		};
		368FED1E1B1F658400E5316E /* Utils */ = {
			isa = PBXGroup;
			children = (
				368FED1F1B1F659900E5316E /* SYUtils.h */,
				368FED201B1F659900E5316E /* SYUtils.m */,
			);
			name = Utils;
			sourceTree = "<group>";
		};
/* End PBXGroup section */

/* Begin PBXNativeTarget section */
		368FECD41B1F640300E5316E /* SeeYourCard */ = {
			isa = PBXNativeTarget;
			buildConfigurationList = 368FECF81B1F640300E5316E /* Build configuration list for PBXNativeTarget "SeeYourCard" */;
			buildPhases = (
				368FECD11B1F640300E5316E /* Sources */,
				368FECD21B1F640300E5316E /* Frameworks */,
				368FECD31B1F640300E5316E /* Resources */,
			);
			buildRules = (
			);
			dependencies = (
			);
			name = SeeYourCard;
			productName = SeeYourCard;
			productReference = 368FECD51B1F640300E5316E /* SeeYourCard.app */;
			productType = "com.apple.product-type.application";
		};
		368FECED1B1F640300E5316E /* SeeYourCardTests */ = {
			isa = PBXNativeTarget;
			buildConfigurationList = 368FECFB1B1F640300E5316E /* Build configuration list for PBXNativeTarget "SeeYourCardTests" */;
			buildPhases = (
				368FECEA1B1F640300E5316E /* Sources */,
				368FECEB1B1F640300E5316E /* Frameworks */,
				368FECEC1B1F640300E5316E /* Resources */,
			);
			buildRules = (
			);
			dependencies = (
				368FECF01B1F640300E5316E /* PBXTargetDependency */,
			);
			name = SeeYourCardTests;
			productName = SeeYourCardTests;
			productReference = 368FECEE1B1F640300E5316E /* SeeYourCardTests.xctest */;
			productType = "com.apple.product-type.bundle.unit-test";
		};
/* End PBXNativeTarget section */

/* Begin PBXProject section */
		368FECCD1B1F640300E5316E /* Project object */ = {
			isa = PBXProject;
			attributes = {
				CLASSPREFIX = SY;
				LastUpgradeCheck = 0630;
				ORGANIZATIONNAME = "Than Dang";
				TargetAttributes = {
					368FECD41B1F640300E5316E = {
						CreatedOnToolsVersion = 6.3.1;
					};
					368FECED1B1F640300E5316E = {
						CreatedOnToolsVersion = 6.3.1;
						TestTargetID = 368FECD41B1F640300E5316E;
					};
				};
			};
			buildConfigurationList = 368FECD01B1F640300E5316E /* Build configuration list for PBXProject "SeeYourCard" */;
			compatibilityVersion = "Xcode 3.2";
			developmentRegion = English;
			hasScannedForEncodings = 0;
			knownRegions = (
				en,
				Base,
			);
			mainGroup = 368FECCC1B1F640300E5316E;
			productRefGroup = 368FECD61B1F640300E5316E /* Products */;
			projectDirPath = "";
			projectRoot = "";
			targets = (
				368FECD41B1F640300E5316E /* SeeYourCard */,
				368FECED1B1F640300E5316E /* SeeYourCardTests */,
			);
		};
/* End PBXProject section */

/* Begin PBXResourcesBuildPhase section */
		368FECD31B1F640300E5316E /* Resources */ = {
			isa = PBXResourcesBuildPhase;
			buildActionMask = 2147483647;
			files = (
				368FECE41B1F640300E5316E /* Main.storyboard in Resources */,
				368FECE91B1F640300E5316E /* LaunchScreen.xib in Resources */,
				368FED001B1F648800E5316E /* scanpay in Resources */,
				368FECE61B1F640300E5316E /* Images.xcassets in Resources */,
			);
			runOnlyForDeploymentPostprocessing = 0;
		};
		368FECEC1B1F640300E5316E /* Resources */ = {
			isa = PBXResourcesBuildPhase;
			buildActionMask = 2147483647;
			files = (
			);
			runOnlyForDeploymentPostprocessing = 0;
		};
/* End PBXResourcesBuildPhase section */

/* Begin PBXSourcesBuildPhase section */
		368FECD11B1F640300E5316E /* Sources */ = {
			isa = PBXSourcesBuildPhase;
			buildActionMask = 2147483647;
			files = (
				368FED211B1F659900E5316E /* SYUtils.m in Sources */,
				368FECE11B1F640300E5316E /* ViewController.m in Sources */,
				368FED1D1B1F657E00E5316E /* SYMainViewController.m in Sources */,
				368FECDE1B1F640300E5316E /* AppDelegate.m in Sources */,
				368FED241B1F65AE00E5316E /* SYScan.m in Sources */,
				368FECDB1B1F640300E5316E /* main.m in Sources */,
			);
			runOnlyForDeploymentPostprocessing = 0;
		};
		368FECEA1B1F640300E5316E /* Sources */ = {
			isa = PBXSourcesBuildPhase;
			buildActionMask = 2147483647;
			files = (
				368FECF51B1F640300E5316E /* SeeYourCardTests.m in Sources */,
			);
			runOnlyForDeploymentPostprocessing = 0;
		};
/* End PBXSourcesBuildPhase section */

/* Begin PBXTargetDependency section */
		368FECF01B1F640300E5316E /* PBXTargetDependency */ = {
			isa = PBXTargetDependency;
			target = 368FECD41B1F640300E5316E /* SeeYourCard */;
			targetProxy = 368FECEF1B1F640300E5316E /* PBXContainerItemProxy */;
		};
/* End PBXTargetDependency section */

/* Begin PBXVariantGroup section */
		368FECE21B1F640300E5316E /* Main.storyboard */ = {
			isa = PBXVariantGroup;
			children = (
				368FECE31B1F640300E5316E /* Base */,
			);
			name = Main.storyboard;
			sourceTree = "<group>";
		};
		368FECE71B1F640300E5316E /* LaunchScreen.xib */ = {
			isa = PBXVariantGroup;
			children = (
				368FECE81B1F640300E5316E /* Base */,
			);
			name = LaunchScreen.xib;
			sourceTree = "<group>";
		};
/* End PBXVariantGroup section */

/* Begin XCBuildConfiguration section */
		368FECF61B1F640300E5316E /* Debug */ = {
			isa = XCBuildConfiguration;
			buildSettings = {
				ALWAYS_SEARCH_USER_PATHS = NO;
				CLANG_CXX_LANGUAGE_STANDARD = "gnu++0x";
				CLANG_CXX_LIBRARY = "libc++";
				CLANG_ENABLE_MODULES = YES;
				CLANG_ENABLE_OBJC_ARC = YES;
				CLANG_WARN_BOOL_CONVERSION = YES;
				CLANG_WARN_CONSTANT_CONVERSION = YES;
				CLANG_WARN_DIRECT_OBJC_ISA_USAGE = YES_ERROR;
				CLANG_WARN_EMPTY_BODY = YES;
				CLANG_WARN_ENUM_CONVERSION = YES;
				CLANG_WARN_INT_CONVERSION = YES;
				CLANG_WARN_OBJC_ROOT_CLASS = YES_ERROR;
				CLANG_WARN_UNREACHABLE_CODE = YES;
				CLANG_WARN__DUPLICATE_METHOD_MATCH = YES;
				"CODE_SIGN_IDENTITY[sdk=iphoneos*]" = "iPhone Developer";
				COPY_PHASE_STRIP = NO;
				DEBUG_INFORMATION_FORMAT = "dwarf-with-dsym";
				ENABLE_STRICT_OBJC_MSGSEND = YES;
				GCC_C_LANGUAGE_STANDARD = gnu99;
				GCC_DYNAMIC_NO_PIC = NO;
				GCC_NO_COMMON_BLOCKS = YES;
				GCC_OPTIMIZATION_LEVEL = 0;
				GCC_PREPROCESSOR_DEFINITIONS = (
					"DEBUG=1",
					"$(inherited)",
				);
				GCC_SYMBOLS_PRIVATE_EXTERN = NO;
				GCC_WARN_64_TO_32_BIT_CONVERSION = YES;
				GCC_WARN_ABOUT_RETURN_TYPE = YES_ERROR;
				GCC_WARN_UNDECLARED_SELECTOR = YES;
				GCC_WARN_UNINITIALIZED_AUTOS = YES_AGGRESSIVE;
				GCC_WARN_UNUSED_FUNCTION = YES;
				GCC_WARN_UNUSED_VARIABLE = YES;
				IPHONEOS_DEPLOYMENT_TARGET = 8.3;
				MTL_ENABLE_DEBUG_INFO = YES;
				ONLY_ACTIVE_ARCH = YES;
				SDKROOT = iphoneos;
				TARGETED_DEVICE_FAMILY = "1,2";
			};
			name = Debug;
		};
		368FECF71B1F640300E5316E /* Release */ = {
			isa = XCBuildConfiguration;
			buildSettings = {
				ALWAYS_SEARCH_USER_PATHS = NO;
				CLANG_CXX_LANGUAGE_STANDARD = "gnu++0x";
				CLANG_CXX_LIBRARY = "libc++";
				CLANG_ENABLE_MODULES = YES;
				CLANG_ENABLE_OBJC_ARC = YES;
				CLANG_WARN_BOOL_CONVERSION = YES;
				CLANG_WARN_CONSTANT_CONVERSION = YES;
				CLANG_WARN_DIRECT_OBJC_ISA_USAGE = YES_ERROR;
				CLANG_WARN_EMPTY_BODY = YES;
				CLANG_WARN_ENUM_CONVERSION = YES;
				CLANG_WARN_INT_CONVERSION = YES;
				CLANG_WARN_OBJC_ROOT_CLASS = YES_ERROR;
				CLANG_WARN_UNREACHABLE_CODE = YES;
				CLANG_WARN__DUPLICATE_METHOD_MATCH = YES;
				"CODE_SIGN_IDENTITY[sdk=iphoneos*]" = "iPhone Developer";
				COPY_PHASE_STRIP = NO;
				DEBUG_INFORMATION_FORMAT = "dwarf-with-dsym";
				ENABLE_NS_ASSERTIONS = NO;
				ENABLE_STRICT_OBJC_MSGSEND = YES;
				GCC_C_LANGUAGE_STANDARD = gnu99;
				GCC_NO_COMMON_BLOCKS = YES;
				GCC_WARN_64_TO_32_BIT_CONVERSION = YES;
				GCC_WARN_ABOUT_RETURN_TYPE = YES_ERROR;
				GCC_WARN_UNDECLARED_SELECTOR = YES;
				GCC_WARN_UNINITIALIZED_AUTOS = YES_AGGRESSIVE;
				GCC_WARN_UNUSED_FUNCTION = YES;
				GCC_WARN_UNUSED_VARIABLE = YES;
				IPHONEOS_DEPLOYMENT_TARGET = 8.3;
				MTL_ENABLE_DEBUG_INFO = NO;
				SDKROOT = iphoneos;
				TARGETED_DEVICE_FAMILY = "1,2";
				VALIDATE_PRODUCT = YES;
			};
			name = Release;
		};
		368FECF91B1F640300E5316E /* Debug */ = {
			isa = XCBuildConfiguration;
			buildSettings = {
				ASSETCATALOG_COMPILER_APPICON_NAME = AppIcon;
				INFOPLIST_FILE = SeeYourCard/Info.plist;
				LD_RUNPATH_SEARCH_PATHS = "$(inherited) @executable_path/Frameworks";
				PRODUCT_NAME = "$(TARGET_NAME)";
			};
			name = Debug;
		};
		368FECFA1B1F640300E5316E /* Release */ = {
			isa = XCBuildConfiguration;
			buildSettings = {
				ASSETCATALOG_COMPILER_APPICON_NAME = AppIcon;
				INFOPLIST_FILE = SeeYourCard/Info.plist;
				LD_RUNPATH_SEARCH_PATHS = "$(inherited) @executable_path/Frameworks";
				PRODUCT_NAME = "$(TARGET_NAME)";
			};
			name = Release;
		};
		368FECFC1B1F640300E5316E /* Debug */ = {
			isa = XCBuildConfiguration;
			buildSettings = {
				BUNDLE_LOADER = "$(TEST_HOST)";
				FRAMEWORK_SEARCH_PATHS = (
					"$(SDKROOT)/Developer/Library/Frameworks",
					"$(inherited)",
				);
				GCC_PREPROCESSOR_DEFINITIONS = (
					"DEBUG=1",
					"$(inherited)",
				);
				INFOPLIST_FILE = SeeYourCardTests/Info.plist;
				LD_RUNPATH_SEARCH_PATHS = "$(inherited) @executable_path/Frameworks @loader_path/Frameworks";
				PRODUCT_NAME = "$(TARGET_NAME)";
				TEST_HOST = "$(BUILT_PRODUCTS_DIR)/SeeYourCard.app/SeeYourCard";
			};
			name = Debug;
		};
		368FECFD1B1F640300E5316E /* Release */ = {
			isa = XCBuildConfiguration;
			buildSettings = {
				BUNDLE_LOADER = "$(TEST_HOST)";
				FRAMEWORK_SEARCH_PATHS = (
					"$(SDKROOT)/Developer/Library/Frameworks",
					"$(inherited)",
				);
				INFOPLIST_FILE = SeeYourCardTests/Info.plist;
				LD_RUNPATH_SEARCH_PATHS = "$(inherited) @executable_path/Frameworks @loader_path/Frameworks";
				PRODUCT_NAME = "$(TARGET_NAME)";
				TEST_HOST = "$(BUILT_PRODUCTS_DIR)/SeeYourCard.app/SeeYourCard";
			};
			name = Release;
		};
/* End XCBuildConfiguration section */

/* Begin XCConfigurationList section */
		368FECD01B1F640300E5316E /* Build configuration list for PBXProject "SeeYourCard" */ = {
			isa = XCConfigurationList;
			buildConfigurations = (
				368FECF61B1F640300E5316E /* Debug */,
				368FECF71B1F640300E5316E /* Release */,
			);
			defaultConfigurationIsVisible = 0;
			defaultConfigurationName = Release;
		};
		368FECF81B1F640300E5316E /* Build configuration list for PBXNativeTarget "SeeYourCard" */ = {
			isa = XCConfigurationList;
			buildConfigurations = (
				368FECF91B1F640300E5316E /* Debug */,
				368FECFA1B1F640300E5316E /* Release */,
			);
			defaultConfigurationIsVisible = 0;
		};
		368FECFB1B1F640300E5316E /* Build configuration list for PBXNativeTarget "SeeYourCardTests" */ = {
			isa = XCConfigurationList;
			buildConfigurations = (
				368FECFC1B1F640300E5316E /* Debug */,
				368FECFD1B1F640300E5316E /* Release */,
			);
			defaultConfigurationIsVisible = 0;
		};
/* End XCConfigurationList section */
	};
	rootObject = 368FECCD1B1F640300E5316E /* Project object */;
}
